{
  "name": "test",
  "version": "1.0.0",
  "lockfileVersion": 1,
  "dependencies": {
    "addressparser": {
      "version": "0.3.2",
      "resolved": "https://registry.npmjs.org/addressparser/-/addressparser-0.3.2.tgz",
      "integrity": "sha1-WYc/Nej89sc2HBAjkmHXbhU0i7I="
    },
    "archy": {
      "version": "1.0.0",
      "resolved": "https://registry.npmjs.org/archy/-/archy-1.0.0.tgz",
      "integrity": "sha1-+cjBN1fMHde8N5rHeyxipcKGjEA="
    },
    "assertion-error": {
      "version": "1.0.2",
      "resolved": "https://registry.npmjs.org/assertion-error/-/assertion-error-1.0.2.tgz",
      "integrity": "sha1-E8pRXYYgbaC6xm6DTdOX2HWBCUw=",
      "dev": true
    },
    "backoff": {
      "version": "2.5.0",
      "resolved": "https://registry.npmjs.org/backoff/-/backoff-2.5.0.tgz",
      "integrity": "sha1-9hbtqdPktmuMp/ynn2lXIsX44m8="
    },
    "boom": {
      "version": "3.2.2",
      "resolved": "https://registry.npmjs.org/boom/-/boom-3.2.2.tgz",
      "integrity": "sha1-DwzF0ErcUAO4x9cfQsynJx/vDng="
    },
    "bufferjs": {
      "version": "1.1.0",
      "resolved": "https://registry.npmjs.org/bufferjs/-/bufferjs-1.1.0.tgz",
      "integrity": "sha1-CV/6OcXmtAoheKEWnJ7/xYSnMgE=",
      "optional": true
    },
    "chai": {
      "version": "4.1.1",
      "resolved": "https://registry.npmjs.org/chai/-/chai-4.1.1.tgz",
      "integrity": "sha1-ZuISeebzxkFf+CMYeCJ5AOIXGzk=",
      "dev": true
    },
    "check-error": {
      "version": "1.0.2",
      "resolved": "https://registry.npmjs.org/check-error/-/check-error-1.0.2.tgz",
      "integrity": "sha1-V00xLt2Iu13YkS6Sht1sCu1KrII=",
      "dev": true
    },
    "core-util-is": {
      "version": "1.0.2",
      "resolved": "https://registry.npmjs.org/core-util-is/-/core-util-is-1.0.2.tgz",
      "integrity": "sha1-tf1UIgqivFq1eqtxQMlAdUUDwac="
    },
    "deep-eql": {
      "version": "2.0.2",
      "resolved": "https://registry.npmjs.org/deep-eql/-/deep-eql-2.0.2.tgz",
      "integrity": "sha1-sbrAblbwp2d3aG1Qyf63XC7XZ5o=",
      "dev": true,
      "dependencies": {
        "type-detect": {
          "version": "3.0.0",
          "resolved": "https://registry.npmjs.org/type-detect/-/type-detect-3.0.0.tgz",
          "integrity": "sha1-RtDMhVOrt7E6NSsNbeov1Y8tm1U=",
          "dev": true
        }
      }
    },
    "diff": {
      "version": "3.3.0",
      "resolved": "https://registry.npmjs.org/diff/-/diff-3.3.0.tgz",
      "integrity": "sha512-w0XZubFWn0Adlsapj9EAWX0FqWdO4tz8kc3RiYdWLh4k/V8PTb6i0SMgXt0vRM3zyKnT8tKO7mUlieRQHIjMNg==",
      "dev": true
    },
    "emailjs": {
      "version": "1.0.11",
      "resolved": "https://registry.npmjs.org/emailjs/-/emailjs-1.0.11.tgz",
      "integrity": "sha1-LLbxViTtk/ypPx4ESc8Q0lRyoNY="
    },
    "encoding": {
      "version": "0.1.12",
      "resolved": "https://registry.npmjs.org/encoding/-/encoding-0.1.12.tgz",
      "integrity": "sha1-U4tm8+5izRq1HsMjgp0flIDHS+s="
    },
    "eraro": {
      "version": "0.4.1",
      "resolved": "https://registry.npmjs.org/eraro/-/eraro-0.4.1.tgz",
      "integrity": "sha1-ZThzB2mh6J/8Pwx+LJTVofhmYp0=",
      "dependencies": {
        "lodash": {
          "version": "2.4.2",
          "resolved": "https://registry.npmjs.org/lodash/-/lodash-2.4.2.tgz",
          "integrity": "sha1-+t2DS5aDBz2hebPq5tnA0VBT9z4="
        }
      }
    },
    "formatio": {
      "version": "1.2.0",
      "resolved": "https://registry.npmjs.org/formatio/-/formatio-1.2.0.tgz",
      "integrity": "sha1-87IWfZBoxGmKjVH092CjmlTYGOs=",
      "dev": true
    },
    "gate-executor": {
      "version": "1.1.1",
      "resolved": "https://registry.npmjs.org/gate-executor/-/gate-executor-1.1.1.tgz",
      "integrity": "sha1-Zn9ncoSg2+hrbEigtK/oxISBLK8="
    },
    "get-func-name": {
      "version": "2.0.0",
      "resolved": "https://registry.npmjs.org/get-func-name/-/get-func-name-2.0.0.tgz",
      "integrity": "sha1-6td0q+5y4gQJQzoGY2YCPdaIekE=",
      "dev": true
    },
    "gex": {
      "version": "0.2.2",
      "resolved": "https://registry.npmjs.org/gex/-/gex-0.2.2.tgz",
      "integrity": "sha1-LUCdJDCVlwjaVc9WKUxk9tiXNIc=",
      "dependencies": {
        "lodash": {
          "version": "3.10.0",
          "resolved": "https://registry.npmjs.org/lodash/-/lodash-3.10.0.tgz",
          "integrity": "sha1-k9UcZygopEFqEq9XIguoqHN+L7s="
        }
      }
    },
    "hoek": {
      "version": "4.2.0",
      "resolved": "https://registry.npmjs.org/hoek/-/hoek-4.2.0.tgz",
      "integrity": "sha512-v0XCLxICi9nPfYrS9RL8HbYnXi9obYAeLbSP00BmnZwCK9+Ih9WOjoZ8YoHCoav2csqn4FOz4Orldsy2dmDwmQ=="
    },
    "iconv-lite": {
      "version": "0.4.18",
      "resolved": "https://registry.npmjs.org/iconv-lite/-/iconv-lite-0.4.18.tgz",
      "integrity": "sha512-sr1ZQph3UwHTR0XftSbK85OvBbxe/abLGzEnPENCQwmHf7sck8Oyu4ob3LgBxWWxRoM+QszeUyl7jbqapu2TqA=="
    },
    "inherits": {
      "version": "2.0.3",
      "resolved": "https://registry.npmjs.org/inherits/-/inherits-2.0.3.tgz",
      "integrity": "sha1-Yzwsg+PaQqUC9SRmAiSA9CCCYd4="
    },
    "isarray": {
      "version": "0.0.1",
      "resolved": "https://registry.npmjs.org/isarray/-/isarray-0.0.1.tgz",
      "integrity": "sha1-ihis/Kmo9Bd+Cav8YDiTmwXR7t8="
    },
    "json-stringify-safe": {
      "version": "5.0.1",
      "resolved": "https://registry.npmjs.org/json-stringify-safe/-/json-stringify-safe-5.0.1.tgz",
      "integrity": "sha1-Epai1Y/UXxmg9s4B1lcB4sc1tus="
    },
    "jsonic": {
      "version": "0.3.0",
      "resolved": "https://registry.npmjs.org/jsonic/-/jsonic-0.3.0.tgz",
      "integrity": "sha1-tUXalfVDkuWLPdoF9fLjd6bJ0b8="
    },
    "just-extend": {
      "version": "1.1.22",
      "resolved": "https://registry.npmjs.org/just-extend/-/just-extend-1.1.22.tgz",
      "integrity": "sha1-MzCvdWyralQnAMZLLk5KoGLVL/8=",
      "dev": true
    },
    "lodash": {
      "version": "4.17.4",
      "resolved": "https://registry.npmjs.org/lodash/-/lodash-4.17.4.tgz",
      "integrity": "sha1-eCA6TRwyiuHYbcpkYONptX9AVa4="
    },
    "lolex": {
      "version": "2.1.2",
      "resolved": "https://registry.npmjs.org/lolex/-/lolex-2.1.2.tgz",
      "integrity": "sha1-JpS5U8nqTQE+W4v7qJHJkQJbJik=",
      "dev": true
    },
    "lru-cache": {
      "version": "4.0.1",
      "resolved": "https://registry.npmjs.org/lru-cache/-/lru-cache-4.0.1.tgz",
      "integrity": "sha1-E0OVXtry432bnn7nJB4nxLn7cr4="
    },
    "mimelib": {
      "version": "0.2.14",
      "resolved": "https://registry.npmjs.org/mimelib/-/mimelib-0.2.14.tgz",
      "integrity": "sha1-KhqnJL0ZC4W9Um5jF6thBu39aDE=",
      "dependencies": {
        "addressparser": {
          "version": "0.2.1",
          "resolved": "https://registry.npmjs.org/addressparser/-/addressparser-0.2.1.tgz",
          "integrity": "sha1-0RpbLu2gTP7+vfMZbBCuE9ts1gc="
        }
      }
    },
    "minimist": {
      "version": "1.2.0",
      "resolved": "https://registry.npmjs.org/minimist/-/minimist-1.2.0.tgz",
      "integrity": "sha1-o1AIsg9BOD7sH7kU9M1d95omQoQ="
    },
    "moment": {
      "version": "2.11.2",
      "resolved": "https://registry.npmjs.org/moment/-/moment-2.11.2.tgz",
      "integrity": "sha1-h5aOX5WsA4wuQqyVnHWBnNP1KQE="
    },
    "native-promise-only": {
      "version": "0.8.1",
      "resolved": "https://registry.npmjs.org/native-promise-only/-/native-promise-only-0.8.1.tgz",
      "integrity": "sha1-IKMYwwy0X3H+et+/eyHJnBRy7xE=",
      "dev": true
    },
    "ndjson": {
      "version": "1.4.3",
      "resolved": "https://registry.npmjs.org/ndjson/-/ndjson-1.4.3.tgz",
      "integrity": "sha1-eqAm/jqzin2horStB7EAjnM+sjk="
    },
    "nid": {
      "version": "0.3.2",
      "resolved": "https://registry.npmjs.org/nid/-/nid-0.3.2.tgz",
      "integrity": "sha1-l3qTGO1cKjjt1mJj8+r9gUPyJRo="
    },
    "nise": {
      "version": "1.0.1",
      "resolved": "https://registry.npmjs.org/nise/-/nise-1.0.1.tgz",
      "integrity": "sha1-DakrEKhU6XwPSW9sKEWjASgLPu8=",
      "dev": true,
      "dependencies": {
        "lolex": {
          "version": "1.6.0",
          "resolved": "https://registry.npmjs.org/lolex/-/lolex-1.6.0.tgz",
          "integrity": "sha1-OpoCg0UqR9dDnnJzG54H1zhuSfY=",
          "dev": true
        }
      }
    },
    "norma": {
      "version": "0.3.0",
      "resolved": "https://registry.npmjs.org/norma/-/norma-0.3.0.tgz",
      "integrity": "sha1-JyZcNBEBjDLJPucZ9pLPkN7Fq2Q=",
      "dependencies": {
        "lodash": {
          "version": "2.4.2",
          "resolved": "https://registry.npmjs.org/lodash/-/lodash-2.4.2.tgz",
          "integrity": "sha1-+t2DS5aDBz2hebPq5tnA0VBT9z4="
        }
      }
    },
    "ordu": {
      "version": "0.1.1",
      "resolved": "https://registry.npmjs.org/ordu/-/ordu-0.1.1.tgz",
      "integrity": "sha1-nIEJSTaTyvCCmfyoTFlq64YLrqo="
    },
    "path-to-regexp": {
      "version": "1.7.0",
      "resolved": "https://registry.npmjs.org/path-to-regexp/-/path-to-regexp-1.7.0.tgz",
      "integrity": "sha1-Wf3g9DW62suhA6hOnTvGTpa5k30=",
      "dev": true
    },
    "pathval": {
      "version": "1.1.0",
      "resolved": "https://registry.npmjs.org/pathval/-/pathval-1.1.0.tgz",
      "integrity": "sha1-uULm1L3mUwBe9rcTYd74cn0GReA=",
      "dev": true
    },
    "patrun": {
      "version": "0.5.1",
      "resolved": "https://registry.npmjs.org/patrun/-/patrun-0.5.1.tgz",
      "integrity": "sha1-W/83V/Tz/SvftqBNJ5QsvsPhLxw=",
      "dependencies": {
        "lodash": {
          "version": "4.15.0",
          "resolved": "https://registry.npmjs.org/lodash/-/lodash-4.15.0.tgz",
          "integrity": "sha1-MWI5HY8BQKoiz49rPDTWt/Y9Oqk="
        }
      }
    },
    "precond": {
      "version": "0.2.3",
      "resolved": "https://registry.npmjs.org/precond/-/precond-0.2.3.tgz",
      "integrity": "sha1-qpWRvKokkj8eD0hJ0kD0fvwQdaw="
    },
    "pseudomap": {
      "version": "1.0.2",
      "resolved": "https://registry.npmjs.org/pseudomap/-/pseudomap-1.0.2.tgz",
      "integrity": "sha1-8FKijacOYYkX7wqKw0wa5aaChrM="
    },
    "qs": {
      "version": "6.4.0",
      "resolved": "https://registry.npmjs.org/qs/-/qs-6.4.0.tgz",
      "integrity": "sha1-E+JtKK1rD/qpExLNO/cI7TUecjM="
    },
    "readable-stream": {
      "version": "1.0.34",
      "resolved": "https://registry.npmjs.org/readable-stream/-/readable-stream-1.0.34.tgz",
      "integrity": "sha1-Elgg40vIQtLyqq+v5MKRbuMsFXw="
    },
    "reconnect-core": {
      "version": "1.3.0",
      "resolved": "https://registry.npmjs.org/reconnect-core/-/reconnect-core-1.3.0.tgz",
      "integrity": "sha1-+65SkZp4d9hE4yRtAaLyZwHIM8g="
    },
    "rolling-stats": {
      "version": "0.1.1",
      "resolved": "https://registry.npmjs.org/rolling-stats/-/rolling-stats-0.1.1.tgz",
      "integrity": "sha1-zVr3dKiJOzCmdIMvovSrqkeM/IA="
    },
    "samsam": {
      "version": "1.2.1",
      "resolved": "https://registry.npmjs.org/samsam/-/samsam-1.2.1.tgz",
      "integrity": "sha1-7dOQk6MYQ3DLhZJDsr3yVefY6mc=",
      "dev": true
    },
    "semver": {
      "version": "5.3.0",
      "resolved": "https://registry.npmjs.org/semver/-/semver-5.3.0.tgz",
      "integrity": "sha1-myzl094C0XxgEq0yaqa00M9U+U8="
    },
    "seneca": {
      "version": "3.4.2",
      "resolved": "https://registry.npmjs.org/seneca/-/seneca-3.4.2.tgz",
      "integrity": "sha1-NAw6GQAF0wX/YZ8x9uIjwNSc/m8="
    },
    "seneca-log-filter": {
      "version": "0.1.0",
      "resolved": "https://registry.npmjs.org/seneca-log-filter/-/seneca-log-filter-0.1.0.tgz",
      "integrity": "sha1-9RPed9/cwSACP4R6fGDO7Qr8ZrM=",
      "dependencies": {
        "lodash": {
          "version": "4.15.0",
          "resolved": "https://registry.npmjs.org/lodash/-/lodash-4.15.0.tgz",
          "integrity": "sha1-MWI5HY8BQKoiz49rPDTWt/Y9Oqk="
        }
      }
    },
    "seneca-transport": {
      "version": "2.1.1",
      "resolved": "https://registry.npmjs.org/seneca-transport/-/seneca-transport-2.1.1.tgz",
      "integrity": "sha1-/40aAzW/4DfKfO3fJ4KL3VUpKiI=",
      "dependencies": {
        "jsonic": {
          "version": "0.2.2",
          "resolved": "https://registry.npmjs.org/jsonic/-/jsonic-0.2.2.tgz",
          "integrity": "sha1-Enu5nfTYIWUsSKI9AlzysW5hhJE="
        },
        "lodash": {
          "version": "4.15.0",
          "resolved": "https://registry.npmjs.org/lodash/-/lodash-4.15.0.tgz",
          "integrity": "sha1-MWI5HY8BQKoiz49rPDTWt/Y9Oqk="
        },
        "patrun": {
          "version": "0.5.0",
          "resolved": "https://registry.npmjs.org/patrun/-/patrun-0.5.0.tgz",
          "integrity": "sha1-d6UfdzrEkxuzU/1B1Z3mR4/GEY0=",
          "dependencies": {
            "lodash": {
              "version": "3.10.0",
              "resolved": "https://registry.npmjs.org/lodash/-/lodash-3.10.0.tgz",
              "integrity": "sha1-k9UcZygopEFqEq9XIguoqHN+L7s="
            }
          }
        },
        "qs": {
          "version": "6.2.1",
          "resolved": "https://registry.npmjs.org/qs/-/qs-6.2.1.tgz",
          "integrity": "sha1-zgPF/wk1vB2daanxTL0Y5WjWdiU="
        },
        "wreck": {
          "version": "9.0.0",
          "resolved": "https://registry.npmjs.org/wreck/-/wreck-9.0.0.tgz",
          "integrity": "sha1-HeY9SbsHuU/nGIZLi+YxduYzMew="
        }
      }
    },
    "sinon": {
      "version": "3.2.0",
      "resolved": "https://registry.npmjs.org/sinon/-/sinon-3.2.0.tgz",
      "integrity": "sha512-Jg2Bcp+X5L0d5bMQqQzMPMh/oZ/TwwcgbVG5Z4xRPxKYqWYw75O6m4LrEhrQdOE10RsoaEQMwTFNn4rHjTyKew==",
      "dev": true
    },
    "split2": {
      "version": "0.2.1",
      "resolved": "https://registry.npmjs.org/split2/-/split2-0.2.1.tgz",
      "integrity": "sha1-At2smtwD7Au3jBKC7Aecpuha6QA="
    },
    "starttls": {
      "version": "1.0.1",
      "resolved": "https://registry.npmjs.org/starttls/-/starttls-1.0.1.tgz",
      "integrity": "sha1-5ggcJd5rF49adfjyccFIdEkYO0I="
    },
    "string_decoder": {
      "version": "0.10.31",
      "resolved": "https://registry.npmjs.org/string_decoder/-/string_decoder-0.10.31.tgz",
      "integrity": "sha1-YuIDvEF2bGwoyfyEMB2rHFMQ+pQ="
    },
    "text-encoding": {
      "version": "0.6.4",
      "resolved": "https://registry.npmjs.org/text-encoding/-/text-encoding-0.6.4.tgz",
      "integrity": "sha1-45mpgiV6J22uQou5KEXLcb3CbRk=",
      "dev": true
    },
    "through2": {
      "version": "0.6.5",
      "resolved": "https://registry.npmjs.org/through2/-/through2-0.6.5.tgz",
      "integrity": "sha1-QaucZ7KdVyCQcUEOHXp6lozTrUg="
    },
    "type-detect": {
      "version": "4.0.3",
      "resolved": "https://registry.npmjs.org/type-detect/-/type-detect-4.0.3.tgz",
      "integrity": "sha1-Dj8mcLRAmbC0bChNE2p+9Jx0wuo=",
      "dev": true
    },
    "use-plugin": {
      "version": "0.3.2",
      "resolved": "https://registry.npmjs.org/use-plugin/-/use-plugin-0.3.2.tgz",
      "integrity": "sha1-Afi4cvJMzepP15WPBX9NVb8f3/Q=",
      "dependencies": {
        "lodash": {
          "version": "4.15.0",
          "resolved": "https://registry.npmjs.org/lodash/-/lodash-4.15.0.tgz",
          "integrity": "sha1-MWI5HY8BQKoiz49rPDTWt/Y9Oqk="
        }
      }
    },
    "wreck": {
      "version": "12.2.0",
      "resolved": "https://registry.npmjs.org/wreck/-/wreck-12.2.0.tgz",
      "integrity": "sha1-ocM3HiFSv202AP9YG2acaKTT2Lg=",
      "dependencies": {
        "boom": {
          "version": "4.3.1",
          "resolved": "https://registry.npmjs.org/boom/-/boom-4.3.1.tgz",
          "integrity": "sha1-T4owBctKfjiJ90kDD9JbluAdLjE="
        }
      }
    },
    "xtend": {
      "version": "4.0.1",
      "resolved": "https://registry.npmjs.org/xtend/-/xtend-4.0.1.tgz",
      "integrity": "sha1-pcbVMr5lbiPbgg77lDofBJmNY68="
    },
    "yallist": {
      "version": "2.1.2",
      "resolved": "https://registry.npmjs.org/yallist/-/yallist-2.1.2.tgz",
      "integrity": "sha1-HBH5IY8HYImkfdUS+TxmmaaoHVI="
    }
  }
}
